
Microsoft Visual Studio Solution File, Format Version 12.00
# Visual Studio Version 17
VisualStudioVersion = 17.13.35605.110
MinimumVisualStudioVersion = 10.0.40219.1
Project("{FAE04EC0-301F-11D3-BF4B-00C04F79EFBC}") = "Resolved", "Resolved.csproj", "{C57D2911-2900-4520-A6D6-9F62A67D85E0}"
EndProject
Project("{FAE04EC0-301F-11D3-BF4B-00C04F79EFBC}") = "acNET", "..\..\..\..\source\repos\acNET\acNET.csproj", "{5E2DCD8F-C307-D155-928E-A549FBD8870E}"
EndProject
Global
	GlobalSection(SolutionConfigurationPlatforms) = preSolution
		Debug|ARM64 = Debug|ARM64
		Debug|x64 = Debug|x64
		Debug|x86 = Debug|x86
		Release|ARM64 = Release|ARM64
		Release|x64 = Release|x64
		Release|x86 = Release|x86
	EndGlobalSection
	GlobalSection(ProjectConfigurationPlatforms) = postSolution
		{C57D2911-2900-4520-A6D6-9F62A67D85E0}.Debug|ARM64.ActiveCfg = Debug|ARM64
		{C57D2911-2900-4520-A6D6-9F62A67D85E0}.Debug|ARM64.Build.0 = Debug|ARM64
		{C57D2911-2900-4520-A6D6-9F62A67D85E0}.Debug|ARM64.Deploy.0 = Debug|ARM64
		{C57D2911-2900-4520-A6D6-9F62A67D85E0}.Debug|x64.ActiveCfg = Debug|x64
		{C57D2911-2900-4520-A6D6-9F62A67D85E0}.Debug|x64.Build.0 = Debug|x64
		{C57D2911-2900-4520-A6D6-9F62A67D85E0}.Debug|x64.Deploy.0 = Debug|x64
		{C57D2911-2900-4520-A6D6-9F62A67D85E0}.Debug|x86.ActiveCfg = Debug|x86
		{C57D2911-2900-4520-A6D6-9F62A67D85E0}.Debug|x86.Build.0 = Debug|x86
		{C57D2911-2900-4520-A6D6-9F62A67D85E0}.Debug|x86.Deploy.0 = Debug|x86
		{C57D2911-2900-4520-A6D6-9F62A67D85E0}.Release|ARM64.ActiveCfg = Release|ARM64
		{C57D2911-2900-4520-A6D6-9F62A67D85E0}.Release|ARM64.Build.0 = Release|ARM64
		{C57D2911-2900-4520-A6D6-9F62A67D85E0}.Release|ARM64.Deploy.0 = Release|ARM64
		{C57D2911-2900-4520-A6D6-9F62A67D85E0}.Release|x64.ActiveCfg = Release|x64
		{C57D2911-2900-4520-A6D6-9F62A67D85E0}.Release|x64.Build.0 = Release|x64
		{C57D2911-2900-4520-A6D6-9F62A67D85E0}.Release|x64.Deploy.0 = Release|x64
		{C57D2911-2900-4520-A6D6-9F62A67D85E0}.Release|x86.ActiveCfg = Release|x86
		{C57D2911-2900-4520-A6D6-9F62A67D85E0}.Release|x86.Build.0 = Release|x86
		{C57D2911-2900-4520-A6D6-9F62A67D85E0}.Release|x86.Deploy.0 = Release|x86
		{5E2DCD8F-C307-D155-928E-A549FBD8870E}.Debug|ARM64.ActiveCfg = Debug|Any CPU
		{5E2DCD8F-C307-D155-928E-A549FBD8870E}.Debug|ARM64.Build.0 = Debug|Any CPU
		{5E2DCD8F-C307-D155-928E-A549FBD8870E}.Debug|x64.ActiveCfg = Debug|Any CPU
		{5E2DCD8F-C307-D155-928E-A549FBD8870E}.Debug|x64.Build.0 = Debug|Any CPU
		{5E2DCD8F-C307-D155-928E-A549FBD8870E}.Debug|x86.ActiveCfg = Debug|Any CPU
		{5E2DCD8F-C307-D155-928E-A549FBD8870E}.Debug|x86.Build.0 = Debug|Any CPU
		{5E2DCD8F-C307-D155-928E-A549FBD8870E}.Release|ARM64.ActiveCfg = Release|Any CPU
		{5E2DCD8F-C307-D155-928E-A549FBD8870E}.Release|ARM64.Build.0 = Release|Any CPU
		{5E2DCD8F-C307-D155-928E-A549FBD8870E}.Release|x64.ActiveCfg = Release|Any CPU
		{5E2DCD8F-C307-D155-928E-A549FBD8870E}.Release|x64.Build.0 = Release|Any CPU
		{5E2DCD8F-C307-D155-928E-A549FBD8870E}.Release|x86.ActiveCfg = Release|Any CPU
		{5E2DCD8F-C307-D155-928E-A549FBD8870E}.Release|x86.Build.0 = Release|Any CPU
	EndGlobalSection
	GlobalSection(SolutionProperties) = preSolution
		HideSolutionNode = FALSE
	EndGlobalSection
	GlobalSection(ExtensibilityGlobals) = postSolution
		SolutionGuid = {F2288256-5E88-4110-BDB0-36720F7BEAC9}
	EndGlobalSection
EndGlobal
